
Microsoft Visual Studio Solution File, Format Version 12.00
# Visual Studio Version 17
VisualStudioVersion = 17.0.31903.59
MinimumVisualStudioVersion = 10.0.40219.1
Project("{FAE04EC0-301F-11D3-BF4B-00C04F79EFBC}") = "Mermaid.WASM", "Mermaid.WASM\Mermaid.WASM.csproj", "{AD835F88-C27E-45AA-8DEB-D3CD2DA446BE}"
EndProject
Project("{FAE04EC0-301F-11D3-BF4B-00C04F79EFBC}") = "Mermaid.API", "Mermaid.API\Mermaid.API.csproj", "{9B9BB0DE-5405-471D-8C8A-09FDD444BB62}"
EndProject
Project("{FAE04EC0-301F-11D3-BF4B-00C04F79EFBC}") = "Mermaid.Shared", "Mermaid.Shared\Mermaid.Shared.csproj", "{57D95AA0-71EC-4B41-85CA-A9661C05A5E3}"
EndProject
Global
	GlobalSection(SolutionConfigurationPlatforms) = preSolution
		Debug|Any CPU = Debug|Any CPU
		Release|Any CPU = Release|Any CPU
	EndGlobalSection
	GlobalSection(ProjectConfigurationPlatforms) = postSolution
		{AD835F88-C27E-45AA-8DEB-D3CD2DA446BE}.Debug|Any CPU.ActiveCfg = Debug|Any CPU
		{AD835F88-C27E-45AA-8DEB-D3CD2DA446BE}.Debug|Any CPU.Build.0 = Debug|Any CPU
		{AD835F88-C27E-45AA-8DEB-D3CD2DA446BE}.Release|Any CPU.ActiveCfg = Release|Any CPU
		{AD835F88-C27E-45AA-8DEB-D3CD2DA446BE}.Release|Any CPU.Build.0 = Release|Any CPU
		{9B9BB0DE-5405-471D-8C8A-09FDD444BB62}.Debug|Any CPU.ActiveCfg = Debug|Any CPU
		{9B9BB0DE-5405-471D-8C8A-09FDD444BB62}.Debug|Any CPU.Build.0 = Debug|Any CPU
		{9B9BB0DE-5405-471D-8C8A-09FDD444BB62}.Release|Any CPU.ActiveCfg = Release|Any CPU
		{9B9BB0DE-5405-471D-8C8A-09FDD444BB62}.Release|Any CPU.Build.0 = Release|Any CPU
		{57D95AA0-71EC-4B41-85CA-A9661C05A5E3}.Debug|Any CPU.ActiveCfg = Debug|Any CPU
		{57D95AA0-71EC-4B41-85CA-A9661C05A5E3}.Debug|Any CPU.Build.0 = Debug|Any CPU
		{57D95AA0-71EC-4B41-85CA-A9661C05A5E3}.Release|Any CPU.ActiveCfg = Release|Any CPU
		{57D95AA0-71EC-4B41-85CA-A9661C05A5E3}.Release|Any CPU.Build.0 = Release|Any CPU
	EndGlobalSection
	GlobalSection(SolutionProperties) = preSolution
		HideSolutionNode = FALSE
	EndGlobalSection
EndGlobal
